Microsoft Visual Studio Solution File, Format Version 12.00
# Visual Studio Version 17
VisualStudioVersion = 17.5.2.0
MinimumVisualStudioVersion = 10.0.40219.1
Project("{FAE04EC0-301F-11D3-BF4B-00C04F79EFBC}") = "ScreenSound.Web", "ScreenSound.Web.csproj", "{59DF18AD-8AEC-8E3D-70F9-0471B23166C9}"
EndProject
Global
	GlobalSection(SolutionConfigurationPlatforms) = preSolution
		Debug|Any CPU = Debug|Any CPU
		Release|Any CPU = Release|Any CPU
	EndGlobalSection
	GlobalSection(ProjectConfigurationPlatforms) = postSolution
		{59DF18AD-8AEC-8E3D-70F9-0471B23166C9}.Debug|Any CPU.ActiveCfg = Debug|Any CPU
		{59DF18AD-8AEC-8E3D-70F9-0471B23166C9}.Debug|Any CPU.Build.0 = Debug|Any CPU
		{59DF18AD-8AEC-8E3D-70F9-0471B23166C9}.Release|Any CPU.ActiveCfg = Release|Any CPU
		{59DF18AD-8AEC-8E3D-70F9-0471B23166C9}.Release|Any CPU.Build.0 = Release|Any CPU
	EndGlobalSection
	GlobalSection(SolutionProperties) = preSolution
		HideSolutionNode = FALSE
	EndGlobalSection
	GlobalSection(ExtensibilityGlobals) = postSolution
		SolutionGuid = {6603F0C1-F9E6-46D4-872B-D09CA40B8761}
	EndGlobalSection
EndGlobal
